
Microsoft Visual Studio Solution File, Format Version 12.00
# Visual Studio Version 17
VisualStudioVersion = 17.14.36915.13
MinimumVisualStudioVersion = 10.0.40219.1
Project("{FAE04EC0-301F-11D3-BF4B-00C04F79EFBC}") = "eMiSide.Api", "eMiSide.Api\eMiSide.Api.csproj", "{AC56A397-B79C-4F4A-BB03-78F19A915FD0}"
EndProject
Project("{FAE04EC0-301F-11D3-BF4B-00C04F79EFBC}") = "eMiSide.BusinessLogic", "eMiSide.BusinessLogi\eMiSide.BusinessLogic.csproj", "{64C3FE5E-FD17-418A-B994-078F0B6FF798}"
EndProject
Project("{FAE04EC0-301F-11D3-BF4B-00C04F79EFBC}") = "eDomain", "eDomain\eDomain.csproj", "{B362E346-D541-468D-9E64-1789D8050271}"
EndProject
Global
	GlobalSection(SolutionConfigurationPlatforms) = preSolution
		Debug|Any CPU = Debug|Any CPU
		Release|Any CPU = Release|Any CPU
	EndGlobalSection
	GlobalSection(ProjectConfigurationPlatforms) = postSolution
		{AC56A397-B79C-4F4A-BB03-78F19A915FD0}.Debug|Any CPU.ActiveCfg = Debug|Any CPU
		{AC56A397-B79C-4F4A-BB03-78F19A915FD0}.Debug|Any CPU.Build.0 = Debug|Any CPU
		{AC56A397-B79C-4F4A-BB03-78F19A915FD0}.Release|Any CPU.ActiveCfg = Release|Any CPU
		{AC56A397-B79C-4F4A-BB03-78F19A915FD0}.Release|Any CPU.Build.0 = Release|Any CPU
		{64C3FE5E-FD17-418A-B994-078F0B6FF798}.Debug|Any CPU.ActiveCfg = Debug|Any CPU
		{64C3FE5E-FD17-418A-B994-078F0B6FF798}.Debug|Any CPU.Build.0 = Debug|Any CPU
		{64C3FE5E-FD17-418A-B994-078F0B6FF798}.Release|Any CPU.ActiveCfg = Release|Any CPU
		{64C3FE5E-FD17-418A-B994-078F0B6FF798}.Release|Any CPU.Build.0 = Release|Any CPU
		{B362E346-D541-468D-9E64-1789D8050271}.Debug|Any CPU.ActiveCfg = Debug|Any CPU
		{B362E346-D541-468D-9E64-1789D8050271}.Debug|Any CPU.Build.0 = Debug|Any CPU
		{B362E346-D541-468D-9E64-1789D8050271}.Release|Any CPU.ActiveCfg = Release|Any CPU
		{B362E346-D541-468D-9E64-1789D8050271}.Release|Any CPU.Build.0 = Release|Any CPU
	EndGlobalSection
	GlobalSection(SolutionProperties) = preSolution
		HideSolutionNode = FALSE
	EndGlobalSection
	GlobalSection(ExtensibilityGlobals) = postSolution
		SolutionGuid = {7B7BD979-E969-4028-A498-E5E23B999A84}
	EndGlobalSection
EndGlobal
